{
	"name": "@xhh-cli-dev/utils",
	"version": "0.1.0",
	"lockfileVersion": 1,
	"requires": true,
	"dependencies": {
		"cli-spinner": {
			"version": "0.2.10",
			"resolved": "https://registry.nlark.com/cli-spinner/download/cli-spinner-0.2.10.tgz",
			"integrity": "sha1-99YXo29cR6e8Y1PGl/yTOP94Kkc="
		}
	}
}
