{
  "name": "@xhh-cli-dev/cloudbuild",
  "version": "0.4.2",
  "lockfileVersion": 1,
  "requires": true,
  "dependencies": {
    "@socket.io/component-emitter": {
      "version": "3.0.0",
      "resolved": "https://registry.npmmirror.com/@socket.io/component-emitter/download/@socket.io/component-emitter-3.0.0.tgz",
      "integrity": "sha1-iGORVnb4N9na17dvUMtQDB6UIuk="
    },
    "backo2": {
      "version": "1.0.2",
      "resolved": "https://registry.npm.taobao.org/backo2/download/backo2-1.0.2.tgz",
      "integrity": "sha1-MasayLEpNjRj41s+u2n038+6eUc="
    },
    "base64-arraybuffer": {
      "version": "1.0.1",
      "resolved": "https://registry.nlark.com/base64-arraybuffer/download/base64-arraybuffer-1.0.1.tgz?cache=0&sync_timestamp=1628588917496&other_urls=https%3A%2F%2Fregistry.nlark.com%2Fbase64-arraybuffer%2Fdownload%2Fbase64-arraybuffer-1.0.1.tgz",
      "integrity": "sha1-h70TUlYm20qYOOAKUIwrc+/PNIw="
    },
    "debug": {
      "version": "4.3.2",
      "resolved": "https://registry.nlark.com/debug/download/debug-4.3.2.tgz",
      "integrity": "sha1-8KScGKyHeeMdSgxgKd+3aHPHQos=",
      "requires": {
        "ms": "2.1.2"
      }
    },
    "engine.io-client": {
      "version": "6.0.2",
      "resolved": "https://registry.npmmirror.com/engine.io-client/download/engine.io-client-6.0.2.tgz?cache=0&sync_timestamp=1634341509012&other_urls=https%3A%2F%2Fregistry.npmmirror.com%2Fengine.io-client%2Fdownload%2Fengine.io-client-6.0.2.tgz",
      "integrity": "sha1-zPwFkFHmXKY4ReZZKRhHV3VMw04=",
      "requires": {
        "@socket.io/component-emitter": "~3.0.0",
        "debug": "~4.3.1",
        "engine.io-parser": "~5.0.0",
        "has-cors": "1.1.0",
        "parseqs": "0.0.6",
        "parseuri": "0.0.6",
        "ws": "~8.2.3",
        "xmlhttprequest-ssl": "~2.0.0",
        "yeast": "0.1.2"
      }
    },
    "engine.io-parser": {
      "version": "5.0.1",
      "resolved": "https://registry.npmmirror.com/engine.io-parser/download/engine.io-parser-5.0.1.tgz?cache=0&sync_timestamp=1634340607567&other_urls=https%3A%2F%2Fregistry.npmmirror.com%2Fengine.io-parser%2Fdownload%2Fengine.io-parser-5.0.1.tgz",
      "integrity": "sha1-ZpX8Dx5tdq1KSDAP+A219rNlSTk=",
      "requires": {
        "base64-arraybuffer": "~1.0.1"
      }
    },
    "has-cors": {
      "version": "1.1.0",
      "resolved": "https://registry.npm.taobao.org/has-cors/download/has-cors-1.1.0.tgz",
      "integrity": "sha1-XkdHk/fqmEPRu5nCPu9J/xJv/zk="
    },
    "ms": {
      "version": "2.1.2",
      "resolved": "https://registry.npmmirror.com/ms/download/ms-2.1.2.tgz",
      "integrity": "sha1-0J0fNXtEP0kzgqjrPM0YOHKuYAk="
    },
    "parseqs": {
      "version": "0.0.6",
      "resolved": "https://registry.npm.taobao.org/parseqs/download/parseqs-0.0.6.tgz",
      "integrity": "sha1-jku1oZ0c3IRKCKyXTTTic6+mcNU="
    },
    "parseuri": {
      "version": "0.0.6",
      "resolved": "https://registry.npm.taobao.org/parseuri/download/parseuri-0.0.6.tgz",
      "integrity": "sha1-4Ulugp46wv9H85pN0ESzKCPEolo="
    },
    "socket.io-client": {
      "version": "4.3.2",
      "resolved": "https://registry.npmmirror.com/socket.io-client/download/socket.io-client-4.3.2.tgz",
      "integrity": "sha1-nP24/srIok1XI9r4yHSecMj96yU=",
      "requires": {
        "@socket.io/component-emitter": "~3.0.0",
        "backo2": "~1.0.2",
        "debug": "~4.3.2",
        "engine.io-client": "~6.0.1",
        "parseuri": "0.0.6",
        "socket.io-parser": "~4.1.1"
      }
    },
    "socket.io-parser": {
      "version": "4.1.1",
      "resolved": "https://registry.npmmirror.com/socket.io-parser/download/socket.io-parser-4.1.1.tgz",
      "integrity": "sha1-CtU9mAeByrHqvjIEF9hIDAEz5i0=",
      "requires": {
        "@socket.io/component-emitter": "~3.0.0",
        "debug": "~4.3.1"
      }
    },
    "ws": {
      "version": "8.2.3",
      "resolved": "https://registry.npmmirror.com/ws/download/ws-8.2.3.tgz?cache=0&sync_timestamp=1633200058938&other_urls=https%3A%2F%2Fregistry.npmmirror.com%2Fws%2Fdownload%2Fws-8.2.3.tgz",
      "integrity": "sha1-Y6VkVtsbBDZ9C3IaC4DK5ti+y7o="
    },
    "xmlhttprequest-ssl": {
      "version": "2.0.0",
      "resolved": "https://registry.nlark.com/xmlhttprequest-ssl/download/xmlhttprequest-ssl-2.0.0.tgz",
      "integrity": "sha1-kTYMhrkU5n9E3OdpGAAnwNphjGc="
    },
    "yeast": {
      "version": "0.1.2",
      "resolved": "https://registry.npm.taobao.org/yeast/download/yeast-0.1.2.tgz",
      "integrity": "sha1-AI4G2AlDIMNy28L47XagymyKxBk="
    }
  }
}
