{
  "name": "@xhh-cli-dev/npm",
  "version": "0.2.0",
  "lockfileVersion": 1,
  "requires": true,
  "dependencies": {
    "@sindresorhus/is": {
      "version": "0.14.0",
      "resolved": "https://registry.nlark.com/@sindresorhus/is/download/@sindresorhus/is-0.14.0.tgz",
      "integrity": "sha1-n7OjzzEyMoFR81PeRjLgHlIQK+o="
    },
    "@szmarczak/http-timer": {
      "version": "1.1.2",
      "resolved": "https://registry.nlark.com/@szmarczak/http-timer/download/@szmarczak/http-timer-1.1.2.tgz",
      "integrity": "sha1-sWZeLEYaLNkvTBu/UNVFTeDUtCE=",
      "requires": {
        "defer-to-connect": "^1.0.1"
      }
    },
    "axios": {
      "version": "0.23.0",
      "resolved": "https://registry.npmmirror.com/axios/download/axios-0.23.0.tgz",
      "integrity": "sha1-sPpdCUio0ddePVY1I4tsRiWwUUk=",
      "requires": {
        "follow-redirects": "^1.14.4"
      }
    },
    "cacheable-request": {
      "version": "6.1.0",
      "resolved": "https://registry.nlark.com/cacheable-request/download/cacheable-request-6.1.0.tgz?cache=0&sync_timestamp=1623237592260&other_urls=https%3A%2F%2Fregistry.nlark.com%2Fcacheable-request%2Fdownload%2Fcacheable-request-6.1.0.tgz",
      "integrity": "sha1-IP+4vRYrpL4R6VZ9gj22UQUsqRI=",
      "requires": {
        "clone-response": "^1.0.2",
        "get-stream": "^5.1.0",
        "http-cache-semantics": "^4.0.0",
        "keyv": "^3.0.0",
        "lowercase-keys": "^2.0.0",
        "normalize-url": "^4.1.0",
        "responselike": "^1.0.2"
      },
      "dependencies": {
        "get-stream": {
          "version": "5.2.0",
          "resolved": "https://registry.npm.taobao.org/get-stream/download/get-stream-5.2.0.tgz?cache=0&other_urls=https%3A%2F%2Fregistry.npm.taobao.org%2Fget-stream%2Fdownload%2Fget-stream-5.2.0.tgz",
          "integrity": "sha1-SWaheV7lrOZecGxLe+txJX1uItM=",
          "requires": {
            "pump": "^3.0.0"
          }
        },
        "lowercase-keys": {
          "version": "2.0.0",
          "resolved": "https://registry.npmmirror.com/lowercase-keys/download/lowercase-keys-2.0.0.tgz?cache=0&sync_timestamp=1634551715073&other_urls=https%3A%2F%2Fregistry.npmmirror.com%2Flowercase-keys%2Fdownload%2Flowercase-keys-2.0.0.tgz",
          "integrity": "sha1-JgPni3tLAAbLyi+8yKMgJVislHk="
        }
      }
    },
    "clone-response": {
      "version": "1.0.2",
      "resolved": "https://registry.npm.taobao.org/clone-response/download/clone-response-1.0.2.tgz",
      "integrity": "sha1-0dyXOSAxTfZ/vrlCI7TuNQI56Ws=",
      "requires": {
        "mimic-response": "^1.0.0"
      }
    },
    "decompress-response": {
      "version": "3.3.0",
      "resolved": "https://registry.nlark.com/decompress-response/download/decompress-response-3.3.0.tgz",
      "integrity": "sha1-gKTdMjdIOEv6JICDYirt7Jgq3/M=",
      "requires": {
        "mimic-response": "^1.0.0"
      }
    },
    "deep-extend": {
      "version": "0.6.0",
      "resolved": "https://registry.npm.taobao.org/deep-extend/download/deep-extend-0.6.0.tgz",
      "integrity": "sha1-xPp8lUBKF6nD6Mp+FTcxK3NjMKw="
    },
    "defer-to-connect": {
      "version": "1.1.3",
      "resolved": "https://registry.nlark.com/defer-to-connect/download/defer-to-connect-1.1.3.tgz",
      "integrity": "sha1-MxrgUMCNz3ifjIOnuB8O2U9KxZE="
    },
    "duplexer3": {
      "version": "0.1.4",
      "resolved": "https://registry.npm.taobao.org/duplexer3/download/duplexer3-0.1.4.tgz",
      "integrity": "sha1-7gHdHKwO08vH/b6jfcCo8c4ALOI="
    },
    "end-of-stream": {
      "version": "1.4.4",
      "resolved": "https://registry.npm.taobao.org/end-of-stream/download/end-of-stream-1.4.4.tgz",
      "integrity": "sha1-WuZKX0UFe682JuwU2gyl5LJDHrA=",
      "requires": {
        "once": "^1.4.0"
      }
    },
    "follow-redirects": {
      "version": "1.14.4",
      "resolved": "https://registry.nlark.com/follow-redirects/download/follow-redirects-1.14.4.tgz?cache=0&sync_timestamp=1631622163078&other_urls=https%3A%2F%2Fregistry.nlark.com%2Ffollow-redirects%2Fdownload%2Ffollow-redirects-1.14.4.tgz",
      "integrity": "sha1-g4/fSKi73XnlLuUfsclOPtmLk3k="
    },
    "get-stream": {
      "version": "4.1.0",
      "resolved": "https://registry.npm.taobao.org/get-stream/download/get-stream-4.1.0.tgz?cache=0&other_urls=https%3A%2F%2Fregistry.npm.taobao.org%2Fget-stream%2Fdownload%2Fget-stream-4.1.0.tgz",
      "integrity": "sha1-wbJVV189wh1Zv8ec09K0axw6VLU=",
      "requires": {
        "pump": "^3.0.0"
      }
    },
    "got": {
      "version": "9.6.0",
      "resolved": "https://registry.nlark.com/got/download/got-9.6.0.tgz?cache=0&sync_timestamp=1628752531824&other_urls=https%3A%2F%2Fregistry.nlark.com%2Fgot%2Fdownload%2Fgot-9.6.0.tgz",
      "integrity": "sha1-7fRefWf5lUVwXeH3u+7rEhdl7YU=",
      "requires": {
        "@sindresorhus/is": "^0.14.0",
        "@szmarczak/http-timer": "^1.1.2",
        "cacheable-request": "^6.0.0",
        "decompress-response": "^3.3.0",
        "duplexer3": "^0.1.4",
        "get-stream": "^4.1.0",
        "lowercase-keys": "^1.0.1",
        "mimic-response": "^1.0.1",
        "p-cancelable": "^1.0.0",
        "to-readable-stream": "^1.0.0",
        "url-parse-lax": "^3.0.0"
      }
    },
    "http-cache-semantics": {
      "version": "4.1.0",
      "resolved": "https://registry.npm.taobao.org/http-cache-semantics/download/http-cache-semantics-4.1.0.tgz",
      "integrity": "sha1-SekcXL82yblLz81xwj1SSex045A="
    },
    "ini": {
      "version": "1.3.8",
      "resolved": "https://registry.nlark.com/ini/download/ini-1.3.8.tgz",
      "integrity": "sha1-op2kJbSIBvNHZ6Tvzjlyaa8oQyw="
    },
    "json-buffer": {
      "version": "3.0.0",
      "resolved": "https://registry.npm.taobao.org/json-buffer/download/json-buffer-3.0.0.tgz",
      "integrity": "sha1-Wx85evx11ne96Lz8Dkfh+aPZqJg="
    },
    "keyv": {
      "version": "3.1.0",
      "resolved": "https://registry.npm.taobao.org/keyv/download/keyv-3.1.0.tgz?cache=0&sync_timestamp=1600337519334&other_urls=https%3A%2F%2Fregistry.npm.taobao.org%2Fkeyv%2Fdownload%2Fkeyv-3.1.0.tgz",
      "integrity": "sha1-7MIoSG9pmR5J6UdkhaW+Ho/FxNk=",
      "requires": {
        "json-buffer": "3.0.0"
      }
    },
    "latest-version": {
      "version": "5.1.0",
      "resolved": "https://registry.nlark.com/latest-version/download/latest-version-5.1.0.tgz?cache=0&sync_timestamp=1626951703884&other_urls=https%3A%2F%2Fregistry.nlark.com%2Flatest-version%2Fdownload%2Flatest-version-5.1.0.tgz",
      "integrity": "sha1-EZ3+kI/jjRXfpD7NE/oS7Igy+s4=",
      "requires": {
        "package-json": "^6.3.0"
      }
    },
    "lowercase-keys": {
      "version": "1.0.1",
      "resolved": "https://registry.npmmirror.com/lowercase-keys/download/lowercase-keys-1.0.1.tgz?cache=0&sync_timestamp=1634551715073&other_urls=https%3A%2F%2Fregistry.npmmirror.com%2Flowercase-keys%2Fdownload%2Flowercase-keys-1.0.1.tgz",
      "integrity": "sha1-b54wtHCE2XGnyCD/FabFFnt0wm8="
    },
    "lru-cache": {
      "version": "6.0.0",
      "resolved": "https://registry.npm.taobao.org/lru-cache/download/lru-cache-6.0.0.tgz",
      "integrity": "sha1-bW/mVw69lqr5D8rR2vo7JWbbOpQ=",
      "requires": {
        "yallist": "^4.0.0"
      }
    },
    "mimic-response": {
      "version": "1.0.1",
      "resolved": "https://registry.nlark.com/mimic-response/download/mimic-response-1.0.1.tgz?cache=0&sync_timestamp=1628692495204&other_urls=https%3A%2F%2Fregistry.nlark.com%2Fmimic-response%2Fdownload%2Fmimic-response-1.0.1.tgz",
      "integrity": "sha1-SSNTiHju9CBjy4o+OweYeBSHqxs="
    },
    "minimist": {
      "version": "1.2.5",
      "resolved": "https://registry.npm.taobao.org/minimist/download/minimist-1.2.5.tgz",
      "integrity": "sha1-Z9ZgFLZqaoqqDAg8X9WN9OTpdgI="
    },
    "normalize-url": {
      "version": "4.5.1",
      "resolved": "https://registry.nlark.com/normalize-url/download/normalize-url-4.5.1.tgz?cache=0&other_urls=https%3A%2F%2Fregistry.nlark.com%2Fnormalize-url%2Fdownload%2Fnormalize-url-4.5.1.tgz",
      "integrity": "sha1-DdkM8SiO4dExO4cIHJpZMu5IUYo="
    },
    "once": {
      "version": "1.4.0",
      "resolved": "https://registry.npm.taobao.org/once/download/once-1.4.0.tgz",
      "integrity": "sha1-WDsap3WWHUsROsF9nFC6753Xa9E=",
      "requires": {
        "wrappy": "1"
      }
    },
    "p-cancelable": {
      "version": "1.1.0",
      "resolved": "https://registry.nlark.com/p-cancelable/download/p-cancelable-1.1.0.tgz",
      "integrity": "sha1-0HjRWjr0CSIMiG8dmgyi5EGrJsw="
    },
    "package-json": {
      "version": "6.5.0",
      "resolved": "https://registry.nlark.com/package-json/download/package-json-6.5.0.tgz",
      "integrity": "sha1-b+7ayjXnVyWHbQsOZJdGl/7RRbA=",
      "requires": {
        "got": "^9.6.0",
        "registry-auth-token": "^4.0.0",
        "registry-url": "^5.0.0",
        "semver": "^6.2.0"
      },
      "dependencies": {
        "semver": {
          "version": "6.3.0",
          "resolved": "https://registry.npm.taobao.org/semver/download/semver-6.3.0.tgz?cache=0&sync_timestamp=1616463603361&other_urls=https%3A%2F%2Fregistry.npm.taobao.org%2Fsemver%2Fdownload%2Fsemver-6.3.0.tgz",
          "integrity": "sha1-7gpkyK9ejO6mdoexM3YeG+y9HT0="
        }
      }
    },
    "prepend-http": {
      "version": "2.0.0",
      "resolved": "https://registry.nlark.com/prepend-http/download/prepend-http-2.0.0.tgz",
      "integrity": "sha1-6SQ0v6XqjBn0HN/UAddBo8gZ2Jc="
    },
    "pump": {
      "version": "3.0.0",
      "resolved": "https://registry.nlark.com/pump/download/pump-3.0.0.tgz",
      "integrity": "sha1-tKIRaBW94vTh6mAjVOjHVWUQemQ=",
      "requires": {
        "end-of-stream": "^1.1.0",
        "once": "^1.3.1"
      }
    },
    "rc": {
      "version": "1.2.8",
      "resolved": "https://registry.npm.taobao.org/rc/download/rc-1.2.8.tgz",
      "integrity": "sha1-zZJL9SAKB1uDwYjNa54hG3/A0+0=",
      "requires": {
        "deep-extend": "^0.6.0",
        "ini": "~1.3.0",
        "minimist": "^1.2.0",
        "strip-json-comments": "~2.0.1"
      }
    },
    "registry-auth-token": {
      "version": "4.2.1",
      "resolved": "https://registry.npm.taobao.org/registry-auth-token/download/registry-auth-token-4.2.1.tgz",
      "integrity": "sha1-bXtABkQZGJcszV/tzUHcMix5slA=",
      "requires": {
        "rc": "^1.2.8"
      }
    },
    "registry-url": {
      "version": "5.1.0",
      "resolved": "https://registry.npm.taobao.org/registry-url/download/registry-url-5.1.0.tgz?cache=0&sync_timestamp=1618682227919&other_urls=https%3A%2F%2Fregistry.npm.taobao.org%2Fregistry-url%2Fdownload%2Fregistry-url-5.1.0.tgz",
      "integrity": "sha1-6YM0tQ1UNLgRNrROxjjZwgCcUAk=",
      "requires": {
        "rc": "^1.2.8"
      }
    },
    "responselike": {
      "version": "1.0.2",
      "resolved": "https://registry.npm.taobao.org/responselike/download/responselike-1.0.2.tgz",
      "integrity": "sha1-kYcg7ztjHFZCvgaPFa3lpG9Loec=",
      "requires": {
        "lowercase-keys": "^1.0.0"
      }
    },
    "semver": {
      "version": "7.3.5",
      "resolved": "https://registry.npm.taobao.org/semver/download/semver-7.3.5.tgz?cache=0&sync_timestamp=1616463603361&other_urls=https%3A%2F%2Fregistry.npm.taobao.org%2Fsemver%2Fdownload%2Fsemver-7.3.5.tgz",
      "integrity": "sha1-C2Ich5NI2JmOSw5L6Us/EuYBjvc=",
      "requires": {
        "lru-cache": "^6.0.0"
      }
    },
    "strip-json-comments": {
      "version": "2.0.1",
      "resolved": "https://registry.nlark.com/strip-json-comments/download/strip-json-comments-2.0.1.tgz?cache=0&sync_timestamp=1629397119136&other_urls=https%3A%2F%2Fregistry.nlark.com%2Fstrip-json-comments%2Fdownload%2Fstrip-json-comments-2.0.1.tgz",
      "integrity": "sha1-PFMZQukIwml8DsNEhYwobHygpgo="
    },
    "to-readable-stream": {
      "version": "1.0.0",
      "resolved": "https://registry.nlark.com/to-readable-stream/download/to-readable-stream-1.0.0.tgz",
      "integrity": "sha1-zgqgwvPfat+FLvtASng+d8BHV3E="
    },
    "url-join": {
      "version": "4.0.1",
      "resolved": "https://registry.npm.taobao.org/url-join/download/url-join-4.0.1.tgz",
      "integrity": "sha1-tkLiGiZGgI/6F4xMX9o5hE4Szec="
    },
    "url-parse-lax": {
      "version": "3.0.0",
      "resolved": "https://registry.nlark.com/url-parse-lax/download/url-parse-lax-3.0.0.tgz?cache=0&sync_timestamp=1628551699328&other_urls=https%3A%2F%2Fregistry.nlark.com%2Furl-parse-lax%2Fdownload%2Furl-parse-lax-3.0.0.tgz",
      "integrity": "sha1-FrXK/Afb42dsGxmZF3gj1lA6yww=",
      "requires": {
        "prepend-http": "^2.0.0"
      }
    },
    "wrappy": {
      "version": "1.0.2",
      "resolved": "https://registry.nlark.com/wrappy/download/wrappy-1.0.2.tgz?cache=0&sync_timestamp=1619133505879&other_urls=https%3A%2F%2Fregistry.nlark.com%2Fwrappy%2Fdownload%2Fwrappy-1.0.2.tgz",
      "integrity": "sha1-tSQ9jz7BqjXxNkYFvA0QNuMKtp8="
    },
    "yallist": {
      "version": "4.0.0",
      "resolved": "https://registry.npm.taobao.org/yallist/download/yallist-4.0.0.tgz",
      "integrity": "sha1-m7knkNnA7/7GO+c1GeEaNQGaOnI="
    }
  }
}
